
Microsoft Visual Studio Solution File, Format Version 12.00
# Visual Studio Version 17
VisualStudioVersion = 17.0.31903.59
MinimumVisualStudioVersion = 10.0.40219.1
Project("{FAE04EC0-301F-11D3-BF4B-00C04F79EFBC}") = "Database", "Database\Database.csproj", "{47CAB7F0-1E50-484F-9AB7-1005FB7A872A}"
EndProject
Project("{FAE04EC0-301F-11D3-BF4B-00C04F79EFBC}") = "Models", "Models\Models.csproj", "{A7EAE628-7474-499A-A690-F29250873994}"
EndProject
Project("{FAE04EC0-301F-11D3-BF4B-00C04F79EFBC}") = "Mqtt", "Mqtt\Mqtt.csproj", "{9E46B95D-4541-4605-8C49-EC3F2E7540AE}"
EndProject
Project("{FAE04EC0-301F-11D3-BF4B-00C04F79EFBC}") = "Web", "Web\Web.csproj", "{BB742738-54A0-49FB-B828-EC9739CCD4CA}"
EndProject
Project("{FAE04EC0-301F-11D3-BF4B-00C04F79EFBC}") = "MqttExtensions", "MqttExtensions\MqttExtensions.csproj", "{EA665DC3-8E8E-477E-9E63-9FF2FFDEE849}"
EndProject
Project("{FAE04EC0-301F-11D3-BF4B-00C04F79EFBC}") = "PushExtensions", "PushExtensions\PushExtensions.csproj", "{A6E36115-0644-454B-97D7-8A48C1B92F17}"
EndProject
Global
	GlobalSection(SolutionConfigurationPlatforms) = preSolution
		Debug|Any CPU = Debug|Any CPU
		Release|Any CPU = Release|Any CPU
	EndGlobalSection
	GlobalSection(SolutionProperties) = preSolution
		HideSolutionNode = FALSE
	EndGlobalSection
	GlobalSection(ProjectConfigurationPlatforms) = postSolution
		{47CAB7F0-1E50-484F-9AB7-1005FB7A872A}.Debug|Any CPU.ActiveCfg = Debug|Any CPU
		{47CAB7F0-1E50-484F-9AB7-1005FB7A872A}.Debug|Any CPU.Build.0 = Debug|Any CPU
		{47CAB7F0-1E50-484F-9AB7-1005FB7A872A}.Release|Any CPU.ActiveCfg = Release|Any CPU
		{47CAB7F0-1E50-484F-9AB7-1005FB7A872A}.Release|Any CPU.Build.0 = Release|Any CPU
		{A7EAE628-7474-499A-A690-F29250873994}.Debug|Any CPU.ActiveCfg = Debug|Any CPU
		{A7EAE628-7474-499A-A690-F29250873994}.Debug|Any CPU.Build.0 = Debug|Any CPU
		{A7EAE628-7474-499A-A690-F29250873994}.Release|Any CPU.ActiveCfg = Release|Any CPU
		{A7EAE628-7474-499A-A690-F29250873994}.Release|Any CPU.Build.0 = Release|Any CPU
		{9E46B95D-4541-4605-8C49-EC3F2E7540AE}.Debug|Any CPU.ActiveCfg = Debug|Any CPU
		{9E46B95D-4541-4605-8C49-EC3F2E7540AE}.Debug|Any CPU.Build.0 = Debug|Any CPU
		{9E46B95D-4541-4605-8C49-EC3F2E7540AE}.Release|Any CPU.ActiveCfg = Release|Any CPU
		{9E46B95D-4541-4605-8C49-EC3F2E7540AE}.Release|Any CPU.Build.0 = Release|Any CPU
		{BB742738-54A0-49FB-B828-EC9739CCD4CA}.Debug|Any CPU.ActiveCfg = Debug|Any CPU
		{BB742738-54A0-49FB-B828-EC9739CCD4CA}.Debug|Any CPU.Build.0 = Debug|Any CPU
		{BB742738-54A0-49FB-B828-EC9739CCD4CA}.Release|Any CPU.ActiveCfg = Release|Any CPU
		{BB742738-54A0-49FB-B828-EC9739CCD4CA}.Release|Any CPU.Build.0 = Release|Any CPU
		{EA665DC3-8E8E-477E-9E63-9FF2FFDEE849}.Debug|Any CPU.ActiveCfg = Debug|Any CPU
		{EA665DC3-8E8E-477E-9E63-9FF2FFDEE849}.Debug|Any CPU.Build.0 = Debug|Any CPU
		{EA665DC3-8E8E-477E-9E63-9FF2FFDEE849}.Release|Any CPU.ActiveCfg = Release|Any CPU
		{EA665DC3-8E8E-477E-9E63-9FF2FFDEE849}.Release|Any CPU.Build.0 = Release|Any CPU
		{A6E36115-0644-454B-97D7-8A48C1B92F17}.Debug|Any CPU.ActiveCfg = Debug|Any CPU
		{A6E36115-0644-454B-97D7-8A48C1B92F17}.Debug|Any CPU.Build.0 = Debug|Any CPU
		{A6E36115-0644-454B-97D7-8A48C1B92F17}.Release|Any CPU.ActiveCfg = Release|Any CPU
		{A6E36115-0644-454B-97D7-8A48C1B92F17}.Release|Any CPU.Build.0 = Release|Any CPU
	EndGlobalSection
EndGlobal
